
Microsoft Visual Studio Solution File, Format Version 11.00
# Visual Studio 2010
Project("{FAE04EC0-301F-11D3-BF4B-00C04F79EFBC}") = "Gobiner.CSharpPad", "CSharpPad\Gobiner.CSharpPad.csproj", "{5C19FEAA-AA5D-4AE3-9DEE-E4D3CA3C9B7B}"
EndProject
Project("{FAE04EC0-301F-11D3-BF4B-00C04F79EFBC}") = "Gobiner.CSharpPad.Web", "Gobiner.CSharpPad.Web\Gobiner.CSharpPad.Web.csproj", "{8F671CA7-DB77-4E10-A4E2-4B4D8984C802}"
EndProject
Project("{FAE04EC0-301F-11D3-BF4B-00C04F79EFBC}") = "SubSonic.Core", "SubSonic.Core\SubSonic.Core.csproj", "{53FF90B2-2D33-4EC0-91B6-A30FDF1B3374}"
EndProject
Project("{FAE04EC0-301F-11D3-BF4B-00C04F79EFBC}") = "System.Data.SQLite - ManagedOnly", "System.Data.SQLite\System.Data.SQLite - ManagedOnly.csproj", "{AC139952-261A-4463-B6FA-AEBC25283A66}"
EndProject
Project("{FAE04EC0-301F-11D3-BF4B-00C04F79EFBC}") = "System.Data.SQLite.Linq", "System.Data.SQLite.Linq\System.Data.SQLite.Linq.csproj", "{E6BF9F74-58E2-413B-A7CE-EA653ECB728D}"
EndProject
Global
	GlobalSection(SolutionConfigurationPlatforms) = preSolution
		Debug|Any CPU = Debug|Any CPU
		Debug|Mixed Platforms = Debug|Mixed Platforms
		Debug|Win32 = Debug|Win32
		Debug|x86 = Debug|x86
		Release|Any CPU = Release|Any CPU
		Release|Mixed Platforms = Release|Mixed Platforms
		Release|Win32 = Release|Win32
		Release|x86 = Release|x86
		StockDebug|Any CPU = StockDebug|Any CPU
		StockDebug|Mixed Platforms = StockDebug|Mixed Platforms
		StockDebug|Win32 = StockDebug|Win32
		StockDebug|x86 = StockDebug|x86
		StockRelease|Any CPU = StockRelease|Any CPU
		StockRelease|Mixed Platforms = StockRelease|Mixed Platforms
		StockRelease|Win32 = StockRelease|Win32
		StockRelease|x86 = StockRelease|x86
	EndGlobalSection
	GlobalSection(ProjectConfigurationPlatforms) = postSolution
		{5C19FEAA-AA5D-4AE3-9DEE-E4D3CA3C9B7B}.Debug|Any CPU.ActiveCfg = Debug|Any CPU
		{5C19FEAA-AA5D-4AE3-9DEE-E4D3CA3C9B7B}.Debug|Any CPU.Build.0 = Debug|Any CPU
		{5C19FEAA-AA5D-4AE3-9DEE-E4D3CA3C9B7B}.Debug|Mixed Platforms.ActiveCfg = Debug|Any CPU
		{5C19FEAA-AA5D-4AE3-9DEE-E4D3CA3C9B7B}.Debug|Mixed Platforms.Build.0 = Debug|Any CPU
		{5C19FEAA-AA5D-4AE3-9DEE-E4D3CA3C9B7B}.Debug|Win32.ActiveCfg = Debug|Any CPU
		{5C19FEAA-AA5D-4AE3-9DEE-E4D3CA3C9B7B}.Debug|x86.ActiveCfg = Debug|Any CPU
		{5C19FEAA-AA5D-4AE3-9DEE-E4D3CA3C9B7B}.Release|Any CPU.ActiveCfg = Release|Any CPU
		{5C19FEAA-AA5D-4AE3-9DEE-E4D3CA3C9B7B}.Release|Any CPU.Build.0 = Release|Any CPU
		{5C19FEAA-AA5D-4AE3-9DEE-E4D3CA3C9B7B}.Release|Mixed Platforms.ActiveCfg = Release|Any CPU
		{5C19FEAA-AA5D-4AE3-9DEE-E4D3CA3C9B7B}.Release|Mixed Platforms.Build.0 = Release|Any CPU
		{5C19FEAA-AA5D-4AE3-9DEE-E4D3CA3C9B7B}.Release|Win32.ActiveCfg = Release|Any CPU
		{5C19FEAA-AA5D-4AE3-9DEE-E4D3CA3C9B7B}.Release|x86.ActiveCfg = Release|Any CPU
		{5C19FEAA-AA5D-4AE3-9DEE-E4D3CA3C9B7B}.StockDebug|Any CPU.ActiveCfg = Debug|Any CPU
		{5C19FEAA-AA5D-4AE3-9DEE-E4D3CA3C9B7B}.StockDebug|Any CPU.Build.0 = Debug|Any CPU
		{5C19FEAA-AA5D-4AE3-9DEE-E4D3CA3C9B7B}.StockDebug|Mixed Platforms.ActiveCfg = Debug|Any CPU
		{5C19FEAA-AA5D-4AE3-9DEE-E4D3CA3C9B7B}.StockDebug|Mixed Platforms.Build.0 = Debug|Any CPU
		{5C19FEAA-AA5D-4AE3-9DEE-E4D3CA3C9B7B}.StockDebug|Win32.ActiveCfg = Debug|Any CPU
		{5C19FEAA-AA5D-4AE3-9DEE-E4D3CA3C9B7B}.StockDebug|x86.ActiveCfg = Debug|Any CPU
		{5C19FEAA-AA5D-4AE3-9DEE-E4D3CA3C9B7B}.StockRelease|Any CPU.ActiveCfg = Release|Any CPU
		{5C19FEAA-AA5D-4AE3-9DEE-E4D3CA3C9B7B}.StockRelease|Any CPU.Build.0 = Release|Any CPU
		{5C19FEAA-AA5D-4AE3-9DEE-E4D3CA3C9B7B}.StockRelease|Mixed Platforms.ActiveCfg = Release|Any CPU
		{5C19FEAA-AA5D-4AE3-9DEE-E4D3CA3C9B7B}.StockRelease|Mixed Platforms.Build.0 = Release|Any CPU
		{5C19FEAA-AA5D-4AE3-9DEE-E4D3CA3C9B7B}.StockRelease|Win32.ActiveCfg = Release|Any CPU
		{5C19FEAA-AA5D-4AE3-9DEE-E4D3CA3C9B7B}.StockRelease|x86.ActiveCfg = Release|Any CPU
		{8F671CA7-DB77-4E10-A4E2-4B4D8984C802}.Debug|Any CPU.ActiveCfg = Debug|Any CPU
		{8F671CA7-DB77-4E10-A4E2-4B4D8984C802}.Debug|Any CPU.Build.0 = Debug|Any CPU
		{8F671CA7-DB77-4E10-A4E2-4B4D8984C802}.Debug|Mixed Platforms.ActiveCfg = Debug|Any CPU
		{8F671CA7-DB77-4E10-A4E2-4B4D8984C802}.Debug|Mixed Platforms.Build.0 = Debug|Any CPU
		{8F671CA7-DB77-4E10-A4E2-4B4D8984C802}.Debug|Win32.ActiveCfg = Debug|Any CPU
		{8F671CA7-DB77-4E10-A4E2-4B4D8984C802}.Debug|x86.ActiveCfg = Debug|Any CPU
		{8F671CA7-DB77-4E10-A4E2-4B4D8984C802}.Release|Any CPU.ActiveCfg = Release|Any CPU
		{8F671CA7-DB77-4E10-A4E2-4B4D8984C802}.Release|Any CPU.Build.0 = Release|Any CPU
		{8F671CA7-DB77-4E10-A4E2-4B4D8984C802}.Release|Mixed Platforms.ActiveCfg = Release|Any CPU
		{8F671CA7-DB77-4E10-A4E2-4B4D8984C802}.Release|Mixed Platforms.Build.0 = Release|Any CPU
		{8F671CA7-DB77-4E10-A4E2-4B4D8984C802}.Release|Win32.ActiveCfg = Release|Any CPU
		{8F671CA7-DB77-4E10-A4E2-4B4D8984C802}.Release|x86.ActiveCfg = Release|Any CPU
		{8F671CA7-DB77-4E10-A4E2-4B4D8984C802}.StockDebug|Any CPU.ActiveCfg = Debug|Any CPU
		{8F671CA7-DB77-4E10-A4E2-4B4D8984C802}.StockDebug|Any CPU.Build.0 = Debug|Any CPU
		{8F671CA7-DB77-4E10-A4E2-4B4D8984C802}.StockDebug|Mixed Platforms.ActiveCfg = Debug|Any CPU
		{8F671CA7-DB77-4E10-A4E2-4B4D8984C802}.StockDebug|Mixed Platforms.Build.0 = Debug|Any CPU
		{8F671CA7-DB77-4E10-A4E2-4B4D8984C802}.StockDebug|Win32.ActiveCfg = Debug|Any CPU
		{8F671CA7-DB77-4E10-A4E2-4B4D8984C802}.StockDebug|x86.ActiveCfg = Debug|Any CPU
		{8F671CA7-DB77-4E10-A4E2-4B4D8984C802}.StockRelease|Any CPU.ActiveCfg = Release|Any CPU
		{8F671CA7-DB77-4E10-A4E2-4B4D8984C802}.StockRelease|Any CPU.Build.0 = Release|Any CPU
		{8F671CA7-DB77-4E10-A4E2-4B4D8984C802}.StockRelease|Mixed Platforms.ActiveCfg = Release|Any CPU
		{8F671CA7-DB77-4E10-A4E2-4B4D8984C802}.StockRelease|Mixed Platforms.Build.0 = Release|Any CPU
		{8F671CA7-DB77-4E10-A4E2-4B4D8984C802}.StockRelease|Win32.ActiveCfg = Release|Any CPU
		{8F671CA7-DB77-4E10-A4E2-4B4D8984C802}.StockRelease|x86.ActiveCfg = Release|Any CPU
		{53FF90B2-2D33-4EC0-91B6-A30FDF1B3374}.Debug|Any CPU.ActiveCfg = Debug|Any CPU
		{53FF90B2-2D33-4EC0-91B6-A30FDF1B3374}.Debug|Any CPU.Build.0 = Debug|Any CPU
		{53FF90B2-2D33-4EC0-91B6-A30FDF1B3374}.Debug|Mixed Platforms.ActiveCfg = Debug|Any CPU
		{53FF90B2-2D33-4EC0-91B6-A30FDF1B3374}.Debug|Mixed Platforms.Build.0 = Debug|Any CPU
		{53FF90B2-2D33-4EC0-91B6-A30FDF1B3374}.Debug|Win32.ActiveCfg = Debug|Any CPU
		{53FF90B2-2D33-4EC0-91B6-A30FDF1B3374}.Debug|x86.ActiveCfg = Debug|Any CPU
		{53FF90B2-2D33-4EC0-91B6-A30FDF1B3374}.Release|Any CPU.ActiveCfg = Release|Any CPU
		{53FF90B2-2D33-4EC0-91B6-A30FDF1B3374}.Release|Any CPU.Build.0 = Release|Any CPU
		{53FF90B2-2D33-4EC0-91B6-A30FDF1B3374}.Release|Mixed Platforms.ActiveCfg = Release|Any CPU
		{53FF90B2-2D33-4EC0-91B6-A30FDF1B3374}.Release|Mixed Platforms.Build.0 = Release|Any CPU
		{53FF90B2-2D33-4EC0-91B6-A30FDF1B3374}.Release|Win32.ActiveCfg = Release|Any CPU
		{53FF90B2-2D33-4EC0-91B6-A30FDF1B3374}.Release|x86.ActiveCfg = Release|Any CPU
		{53FF90B2-2D33-4EC0-91B6-A30FDF1B3374}.StockDebug|Any CPU.ActiveCfg = Debug|Any CPU
		{53FF90B2-2D33-4EC0-91B6-A30FDF1B3374}.StockDebug|Any CPU.Build.0 = Debug|Any CPU
		{53FF90B2-2D33-4EC0-91B6-A30FDF1B3374}.StockDebug|Mixed Platforms.ActiveCfg = Debug|Any CPU
		{53FF90B2-2D33-4EC0-91B6-A30FDF1B3374}.StockDebug|Mixed Platforms.Build.0 = Debug|Any CPU
		{53FF90B2-2D33-4EC0-91B6-A30FDF1B3374}.StockDebug|Win32.ActiveCfg = Debug|Any CPU
		{53FF90B2-2D33-4EC0-91B6-A30FDF1B3374}.StockDebug|x86.ActiveCfg = Debug|Any CPU
		{53FF90B2-2D33-4EC0-91B6-A30FDF1B3374}.StockRelease|Any CPU.ActiveCfg = Release|Any CPU
		{53FF90B2-2D33-4EC0-91B6-A30FDF1B3374}.StockRelease|Any CPU.Build.0 = Release|Any CPU
		{53FF90B2-2D33-4EC0-91B6-A30FDF1B3374}.StockRelease|Mixed Platforms.ActiveCfg = Release|Any CPU
		{53FF90B2-2D33-4EC0-91B6-A30FDF1B3374}.StockRelease|Mixed Platforms.Build.0 = Release|Any CPU
		{53FF90B2-2D33-4EC0-91B6-A30FDF1B3374}.StockRelease|Win32.ActiveCfg = Release|Any CPU
		{53FF90B2-2D33-4EC0-91B6-A30FDF1B3374}.StockRelease|x86.ActiveCfg = Release|Any CPU
		{AC139952-261A-4463-B6FA-AEBC25283A66}.Debug|Any CPU.ActiveCfg = Debug|Any CPU
		{AC139952-261A-4463-B6FA-AEBC25283A66}.Debug|Any CPU.Build.0 = Debug|Any CPU
		{AC139952-261A-4463-B6FA-AEBC25283A66}.Debug|Mixed Platforms.ActiveCfg = StockDebug|Any CPU
		{AC139952-261A-4463-B6FA-AEBC25283A66}.Debug|Mixed Platforms.Build.0 = StockDebug|Any CPU
		{AC139952-261A-4463-B6FA-AEBC25283A66}.Debug|Win32.ActiveCfg = Debug|Any CPU
		{AC139952-261A-4463-B6FA-AEBC25283A66}.Debug|x86.ActiveCfg = Debug|Any CPU
		{AC139952-261A-4463-B6FA-AEBC25283A66}.Release|Any CPU.ActiveCfg = Release|Any CPU
		{AC139952-261A-4463-B6FA-AEBC25283A66}.Release|Any CPU.Build.0 = Release|Any CPU
		{AC139952-261A-4463-B6FA-AEBC25283A66}.Release|Mixed Platforms.ActiveCfg = Release|Any CPU
		{AC139952-261A-4463-B6FA-AEBC25283A66}.Release|Mixed Platforms.Build.0 = Release|Any CPU
		{AC139952-261A-4463-B6FA-AEBC25283A66}.Release|Win32.ActiveCfg = Release|Any CPU
		{AC139952-261A-4463-B6FA-AEBC25283A66}.Release|x86.ActiveCfg = Release|Any CPU
		{AC139952-261A-4463-B6FA-AEBC25283A66}.StockDebug|Any CPU.ActiveCfg = StockDebug|Any CPU
		{AC139952-261A-4463-B6FA-AEBC25283A66}.StockDebug|Any CPU.Build.0 = StockDebug|Any CPU
		{AC139952-261A-4463-B6FA-AEBC25283A66}.StockDebug|Mixed Platforms.ActiveCfg = StockDebug|Any CPU
		{AC139952-261A-4463-B6FA-AEBC25283A66}.StockDebug|Mixed Platforms.Build.0 = StockDebug|Any CPU
		{AC139952-261A-4463-B6FA-AEBC25283A66}.StockDebug|Win32.ActiveCfg = StockDebug|Any CPU
		{AC139952-261A-4463-B6FA-AEBC25283A66}.StockDebug|x86.ActiveCfg = StockDebug|Any CPU
		{AC139952-261A-4463-B6FA-AEBC25283A66}.StockRelease|Any CPU.ActiveCfg = StockRelease|Any CPU
		{AC139952-261A-4463-B6FA-AEBC25283A66}.StockRelease|Any CPU.Build.0 = StockRelease|Any CPU
		{AC139952-261A-4463-B6FA-AEBC25283A66}.StockRelease|Mixed Platforms.ActiveCfg = StockRelease|Any CPU
		{AC139952-261A-4463-B6FA-AEBC25283A66}.StockRelease|Mixed Platforms.Build.0 = StockRelease|Any CPU
		{AC139952-261A-4463-B6FA-AEBC25283A66}.StockRelease|Win32.ActiveCfg = StockRelease|Any CPU
		{AC139952-261A-4463-B6FA-AEBC25283A66}.StockRelease|x86.ActiveCfg = StockRelease|Any CPU
		{E6BF9F74-58E2-413B-A7CE-EA653ECB728D}.Debug|Any CPU.ActiveCfg = Debug|Any CPU
		{E6BF9F74-58E2-413B-A7CE-EA653ECB728D}.Debug|Any CPU.Build.0 = Debug|Any CPU
		{E6BF9F74-58E2-413B-A7CE-EA653ECB728D}.Debug|Mixed Platforms.ActiveCfg = Debug|Any CPU
		{E6BF9F74-58E2-413B-A7CE-EA653ECB728D}.Debug|Mixed Platforms.Build.0 = Debug|Any CPU
		{E6BF9F74-58E2-413B-A7CE-EA653ECB728D}.Debug|Win32.ActiveCfg = Debug|Any CPU
		{E6BF9F74-58E2-413B-A7CE-EA653ECB728D}.Debug|x86.ActiveCfg = Debug|Any CPU
		{E6BF9F74-58E2-413B-A7CE-EA653ECB728D}.Release|Any CPU.ActiveCfg = Release|Any CPU
		{E6BF9F74-58E2-413B-A7CE-EA653ECB728D}.Release|Any CPU.Build.0 = Release|Any CPU
		{E6BF9F74-58E2-413B-A7CE-EA653ECB728D}.Release|Mixed Platforms.ActiveCfg = Release|Any CPU
		{E6BF9F74-58E2-413B-A7CE-EA653ECB728D}.Release|Mixed Platforms.Build.0 = Release|Any CPU
		{E6BF9F74-58E2-413B-A7CE-EA653ECB728D}.Release|Win32.ActiveCfg = Release|Any CPU
		{E6BF9F74-58E2-413B-A7CE-EA653ECB728D}.Release|x86.ActiveCfg = Release|Any CPU
		{E6BF9F74-58E2-413B-A7CE-EA653ECB728D}.StockDebug|Any CPU.ActiveCfg = Debug|Any CPU
		{E6BF9F74-58E2-413B-A7CE-EA653ECB728D}.StockDebug|Any CPU.Build.0 = Debug|Any CPU
		{E6BF9F74-58E2-413B-A7CE-EA653ECB728D}.StockDebug|Mixed Platforms.ActiveCfg = Debug|Any CPU
		{E6BF9F74-58E2-413B-A7CE-EA653ECB728D}.StockDebug|Mixed Platforms.Build.0 = Debug|Any CPU
		{E6BF9F74-58E2-413B-A7CE-EA653ECB728D}.StockDebug|Win32.ActiveCfg = Debug|Any CPU
		{E6BF9F74-58E2-413B-A7CE-EA653ECB728D}.StockDebug|x86.ActiveCfg = Debug|Any CPU
		{E6BF9F74-58E2-413B-A7CE-EA653ECB728D}.StockRelease|Any CPU.ActiveCfg = Release|Any CPU
		{E6BF9F74-58E2-413B-A7CE-EA653ECB728D}.StockRelease|Any CPU.Build.0 = Release|Any CPU
		{E6BF9F74-58E2-413B-A7CE-EA653ECB728D}.StockRelease|Mixed Platforms.ActiveCfg = Release|Any CPU
		{E6BF9F74-58E2-413B-A7CE-EA653ECB728D}.StockRelease|Mixed Platforms.Build.0 = Release|Any CPU
		{E6BF9F74-58E2-413B-A7CE-EA653ECB728D}.StockRelease|Win32.ActiveCfg = Release|Any CPU
		{E6BF9F74-58E2-413B-A7CE-EA653ECB728D}.StockRelease|x86.ActiveCfg = Release|Any CPU
	EndGlobalSection
	GlobalSection(SolutionProperties) = preSolution
		HideSolutionNode = FALSE
	EndGlobalSection
EndGlobal
