
Microsoft Visual Studio Solution File, Format Version 11.00
# Visual Studio 2010
Project("{FAE04EC0-301F-11D3-BF4B-00C04F79EFBC}") = "Gobiner.CSharpPad", "CSharpPad\Gobiner.CSharpPad.csproj", "{5C19FEAA-AA5D-4AE3-9DEE-E4D3CA3C9B7B}"
EndProject
Project("{FAE04EC0-301F-11D3-BF4B-00C04F79EFBC}") = "CSharpPadTestBench", "CSharpPadTestBench\CSharpPadTestBench.csproj", "{A6326EA1-545B-415D-8210-A0372E2C6E70}"
EndProject
Global
	GlobalSection(SolutionConfigurationPlatforms) = preSolution
		Debug|Any CPU = Debug|Any CPU
		Debug|Mixed Platforms = Debug|Mixed Platforms
		Debug|Win32 = Debug|Win32
		Debug|x86 = Debug|x86
		Release|Any CPU = Release|Any CPU
		Release|Mixed Platforms = Release|Mixed Platforms
		Release|Win32 = Release|Win32
		Release|x86 = Release|x86
		StockDebug|Any CPU = StockDebug|Any CPU
		StockDebug|Mixed Platforms = StockDebug|Mixed Platforms
		StockDebug|Win32 = StockDebug|Win32
		StockDebug|x86 = StockDebug|x86
		StockRelease|Any CPU = StockRelease|Any CPU
		StockRelease|Mixed Platforms = StockRelease|Mixed Platforms
		StockRelease|Win32 = StockRelease|Win32
		StockRelease|x86 = StockRelease|x86
	EndGlobalSection
	GlobalSection(ProjectConfigurationPlatforms) = postSolution
		{5C19FEAA-AA5D-4AE3-9DEE-E4D3CA3C9B7B}.Debug|Any CPU.ActiveCfg = Debug|Any CPU
		{5C19FEAA-AA5D-4AE3-9DEE-E4D3CA3C9B7B}.Debug|Any CPU.Build.0 = Debug|Any CPU
		{5C19FEAA-AA5D-4AE3-9DEE-E4D3CA3C9B7B}.Debug|Mixed Platforms.ActiveCfg = Debug|Any CPU
		{5C19FEAA-AA5D-4AE3-9DEE-E4D3CA3C9B7B}.Debug|Mixed Platforms.Build.0 = Debug|Any CPU
		{5C19FEAA-AA5D-4AE3-9DEE-E4D3CA3C9B7B}.Debug|Win32.ActiveCfg = Debug|Any CPU
		{5C19FEAA-AA5D-4AE3-9DEE-E4D3CA3C9B7B}.Debug|x86.ActiveCfg = Debug|Any CPU
		{5C19FEAA-AA5D-4AE3-9DEE-E4D3CA3C9B7B}.Release|Any CPU.ActiveCfg = Release|Any CPU
		{5C19FEAA-AA5D-4AE3-9DEE-E4D3CA3C9B7B}.Release|Any CPU.Build.0 = Release|Any CPU
		{5C19FEAA-AA5D-4AE3-9DEE-E4D3CA3C9B7B}.Release|Mixed Platforms.ActiveCfg = Release|Any CPU
		{5C19FEAA-AA5D-4AE3-9DEE-E4D3CA3C9B7B}.Release|Mixed Platforms.Build.0 = Release|Any CPU
		{5C19FEAA-AA5D-4AE3-9DEE-E4D3CA3C9B7B}.Release|Win32.ActiveCfg = Release|Any CPU
		{5C19FEAA-AA5D-4AE3-9DEE-E4D3CA3C9B7B}.Release|x86.ActiveCfg = Release|Any CPU
		{5C19FEAA-AA5D-4AE3-9DEE-E4D3CA3C9B7B}.StockDebug|Any CPU.ActiveCfg = Debug|Any CPU
		{5C19FEAA-AA5D-4AE3-9DEE-E4D3CA3C9B7B}.StockDebug|Any CPU.Build.0 = Debug|Any CPU
		{5C19FEAA-AA5D-4AE3-9DEE-E4D3CA3C9B7B}.StockDebug|Mixed Platforms.ActiveCfg = Debug|Any CPU
		{5C19FEAA-AA5D-4AE3-9DEE-E4D3CA3C9B7B}.StockDebug|Mixed Platforms.Build.0 = Debug|Any CPU
		{5C19FEAA-AA5D-4AE3-9DEE-E4D3CA3C9B7B}.StockDebug|Win32.ActiveCfg = Debug|Any CPU
		{5C19FEAA-AA5D-4AE3-9DEE-E4D3CA3C9B7B}.StockDebug|x86.ActiveCfg = Debug|Any CPU
		{5C19FEAA-AA5D-4AE3-9DEE-E4D3CA3C9B7B}.StockRelease|Any CPU.ActiveCfg = Release|Any CPU
		{5C19FEAA-AA5D-4AE3-9DEE-E4D3CA3C9B7B}.StockRelease|Any CPU.Build.0 = Release|Any CPU
		{5C19FEAA-AA5D-4AE3-9DEE-E4D3CA3C9B7B}.StockRelease|Mixed Platforms.ActiveCfg = Release|Any CPU
		{5C19FEAA-AA5D-4AE3-9DEE-E4D3CA3C9B7B}.StockRelease|Mixed Platforms.Build.0 = Release|Any CPU
		{5C19FEAA-AA5D-4AE3-9DEE-E4D3CA3C9B7B}.StockRelease|Win32.ActiveCfg = Release|Any CPU
		{5C19FEAA-AA5D-4AE3-9DEE-E4D3CA3C9B7B}.StockRelease|x86.ActiveCfg = Release|Any CPU
		{A6326EA1-545B-415D-8210-A0372E2C6E70}.Debug|Any CPU.ActiveCfg = Debug|x86
		{A6326EA1-545B-415D-8210-A0372E2C6E70}.Debug|Mixed Platforms.ActiveCfg = Debug|x86
		{A6326EA1-545B-415D-8210-A0372E2C6E70}.Debug|Mixed Platforms.Build.0 = Debug|x86
		{A6326EA1-545B-415D-8210-A0372E2C6E70}.Debug|Win32.ActiveCfg = Debug|x86
		{A6326EA1-545B-415D-8210-A0372E2C6E70}.Debug|x86.ActiveCfg = Debug|x86
		{A6326EA1-545B-415D-8210-A0372E2C6E70}.Debug|x86.Build.0 = Debug|x86
		{A6326EA1-545B-415D-8210-A0372E2C6E70}.Release|Any CPU.ActiveCfg = Release|x86
		{A6326EA1-545B-415D-8210-A0372E2C6E70}.Release|Mixed Platforms.ActiveCfg = Release|x86
		{A6326EA1-545B-415D-8210-A0372E2C6E70}.Release|Mixed Platforms.Build.0 = Release|x86
		{A6326EA1-545B-415D-8210-A0372E2C6E70}.Release|Win32.ActiveCfg = Release|x86
		{A6326EA1-545B-415D-8210-A0372E2C6E70}.Release|x86.ActiveCfg = Release|x86
		{A6326EA1-545B-415D-8210-A0372E2C6E70}.Release|x86.Build.0 = Release|x86
		{A6326EA1-545B-415D-8210-A0372E2C6E70}.StockDebug|Any CPU.ActiveCfg = Debug|x86
		{A6326EA1-545B-415D-8210-A0372E2C6E70}.StockDebug|Mixed Platforms.ActiveCfg = Debug|x86
		{A6326EA1-545B-415D-8210-A0372E2C6E70}.StockDebug|Mixed Platforms.Build.0 = Debug|x86
		{A6326EA1-545B-415D-8210-A0372E2C6E70}.StockDebug|Win32.ActiveCfg = Debug|x86
		{A6326EA1-545B-415D-8210-A0372E2C6E70}.StockDebug|x86.ActiveCfg = Debug|x86
		{A6326EA1-545B-415D-8210-A0372E2C6E70}.StockDebug|x86.Build.0 = Debug|x86
		{A6326EA1-545B-415D-8210-A0372E2C6E70}.StockRelease|Any CPU.ActiveCfg = Release|x86
		{A6326EA1-545B-415D-8210-A0372E2C6E70}.StockRelease|Mixed Platforms.ActiveCfg = Release|x86
		{A6326EA1-545B-415D-8210-A0372E2C6E70}.StockRelease|Mixed Platforms.Build.0 = Release|x86
		{A6326EA1-545B-415D-8210-A0372E2C6E70}.StockRelease|Win32.ActiveCfg = Release|x86
		{A6326EA1-545B-415D-8210-A0372E2C6E70}.StockRelease|x86.ActiveCfg = Release|x86
		{A6326EA1-545B-415D-8210-A0372E2C6E70}.StockRelease|x86.Build.0 = Release|x86
	EndGlobalSection
	GlobalSection(SolutionProperties) = preSolution
		HideSolutionNode = FALSE
	EndGlobalSection
EndGlobal
