
Microsoft Visual Studio Solution File, Format Version 10.00
# Visual Studio 2008
Project("{FAE04EC0-301F-11D3-BF4B-00C04F79EFBC}") = "CSharpPad", "CSharpPad\CSharpPad.csproj", "{5C19FEAA-AA5D-4AE3-9DEE-E4D3CA3C9B7B}"
EndProject
Project("{FAE04EC0-301F-11D3-BF4B-00C04F79EFBC}") = "Gobiner.ConsoleCapture", "Gobiner.ConsoleCapture\Gobiner.ConsoleCapture.csproj", "{68332DA5-4AD4-481D-B4E0-6BB47E61B295}"
EndProject
Global
	GlobalSection(SolutionConfigurationPlatforms) = preSolution
		Debug|Any CPU = Debug|Any CPU
		Release|Any CPU = Release|Any CPU
	EndGlobalSection
	GlobalSection(ProjectConfigurationPlatforms) = postSolution
		{5C19FEAA-AA5D-4AE3-9DEE-E4D3CA3C9B7B}.Debug|Any CPU.ActiveCfg = Debug|Any CPU
		{5C19FEAA-AA5D-4AE3-9DEE-E4D3CA3C9B7B}.Debug|Any CPU.Build.0 = Debug|Any CPU
		{5C19FEAA-AA5D-4AE3-9DEE-E4D3CA3C9B7B}.Release|Any CPU.ActiveCfg = Release|Any CPU
		{5C19FEAA-AA5D-4AE3-9DEE-E4D3CA3C9B7B}.Release|Any CPU.Build.0 = Release|Any CPU
		{68332DA5-4AD4-481D-B4E0-6BB47E61B295}.Debug|Any CPU.ActiveCfg = Debug|Any CPU
		{68332DA5-4AD4-481D-B4E0-6BB47E61B295}.Debug|Any CPU.Build.0 = Debug|Any CPU
		{68332DA5-4AD4-481D-B4E0-6BB47E61B295}.Release|Any CPU.ActiveCfg = Release|Any CPU
		{68332DA5-4AD4-481D-B4E0-6BB47E61B295}.Release|Any CPU.Build.0 = Release|Any CPU
	EndGlobalSection
	GlobalSection(SolutionProperties) = preSolution
		HideSolutionNode = FALSE
	EndGlobalSection
EndGlobal
