
Microsoft Visual Studio Solution File, Format Version 12.00
# Visual Studio 2013
VisualStudioVersion = 12.0.21005.1
MinimumVisualStudioVersion = 10.0.40219.1
Project("{FAE04EC0-301F-11D3-BF4B-00C04F79EFBC}") = "Gobiner.DotNetPad", "DotNetPad\Gobiner.DotNetPad.csproj", "{5C19FEAA-AA5D-4AE3-9DEE-E4D3CA3C9B7B}"
EndProject
Project("{FAE04EC0-301F-11D3-BF4B-00C04F79EFBC}") = "Gobiner.DotNetPad.Web", "Gobiner.DotNetPad.Web\Gobiner.DotNetPad.Web.csproj", "{8F671CA7-DB77-4E10-A4E2-4B4D8984C802}"
EndProject
Project("{FAE04EC0-301F-11D3-BF4B-00C04F79EFBC}") = "Gobiner.DotNetPad.Runner", "Gobiner.DotNetPad.Runner\Gobiner.DotNetPad.Runner.csproj", "{C4B2F026-3052-41C2-B81D-2943B22A0034}"
EndProject
Project("{FAE04EC0-301F-11D3-BF4B-00C04F79EFBC}") = "Gobiner.ConsoleCapture", "Gobiner.ConsoleCapture\Gobiner.ConsoleCapture.csproj", "{B5B09E19-1E43-4FC9-B6C7-3DFF8A472716}"
EndProject
Project("{2150E333-8FDC-42A3-9474-1A3956D46DE8}") = ".nuget", ".nuget", "{72440D63-0044-46FF-A617-2639F4132BD0}"
	ProjectSection(SolutionItems) = preProject
		.nuget\NuGet.Config = .nuget\NuGet.Config
		.nuget\NuGet.exe = .nuget\NuGet.exe
		.nuget\NuGet.targets = .nuget\NuGet.targets
	EndProjectSection
EndProject
Global
	GlobalSection(SolutionConfigurationPlatforms) = preSolution
		Debug|Any CPU = Debug|Any CPU
		Debug|Mixed Platforms = Debug|Mixed Platforms
		Debug|Win32 = Debug|Win32
		Debug|x86 = Debug|x86
		Release|Any CPU = Release|Any CPU
		Release|Mixed Platforms = Release|Mixed Platforms
		Release|Win32 = Release|Win32
		Release|x86 = Release|x86
		StockDebug|Any CPU = StockDebug|Any CPU
		StockDebug|Mixed Platforms = StockDebug|Mixed Platforms
		StockDebug|Win32 = StockDebug|Win32
		StockDebug|x86 = StockDebug|x86
		StockRelease|Any CPU = StockRelease|Any CPU
		StockRelease|Mixed Platforms = StockRelease|Mixed Platforms
		StockRelease|Win32 = StockRelease|Win32
		StockRelease|x86 = StockRelease|x86
	EndGlobalSection
	GlobalSection(ProjectConfigurationPlatforms) = postSolution
		{5C19FEAA-AA5D-4AE3-9DEE-E4D3CA3C9B7B}.Debug|Any CPU.ActiveCfg = Debug|Any CPU
		{5C19FEAA-AA5D-4AE3-9DEE-E4D3CA3C9B7B}.Debug|Any CPU.Build.0 = Debug|Any CPU
		{5C19FEAA-AA5D-4AE3-9DEE-E4D3CA3C9B7B}.Debug|Mixed Platforms.ActiveCfg = Debug|Any CPU
		{5C19FEAA-AA5D-4AE3-9DEE-E4D3CA3C9B7B}.Debug|Mixed Platforms.Build.0 = Debug|Any CPU
		{5C19FEAA-AA5D-4AE3-9DEE-E4D3CA3C9B7B}.Debug|Win32.ActiveCfg = Debug|Any CPU
		{5C19FEAA-AA5D-4AE3-9DEE-E4D3CA3C9B7B}.Debug|x86.ActiveCfg = Debug|Any CPU
		{5C19FEAA-AA5D-4AE3-9DEE-E4D3CA3C9B7B}.Release|Any CPU.ActiveCfg = Release|Any CPU
		{5C19FEAA-AA5D-4AE3-9DEE-E4D3CA3C9B7B}.Release|Any CPU.Build.0 = Release|Any CPU
		{5C19FEAA-AA5D-4AE3-9DEE-E4D3CA3C9B7B}.Release|Mixed Platforms.ActiveCfg = Release|Any CPU
		{5C19FEAA-AA5D-4AE3-9DEE-E4D3CA3C9B7B}.Release|Mixed Platforms.Build.0 = Release|Any CPU
		{5C19FEAA-AA5D-4AE3-9DEE-E4D3CA3C9B7B}.Release|Win32.ActiveCfg = Release|Any CPU
		{5C19FEAA-AA5D-4AE3-9DEE-E4D3CA3C9B7B}.Release|x86.ActiveCfg = Release|Any CPU
		{5C19FEAA-AA5D-4AE3-9DEE-E4D3CA3C9B7B}.StockDebug|Any CPU.ActiveCfg = Debug|Any CPU
		{5C19FEAA-AA5D-4AE3-9DEE-E4D3CA3C9B7B}.StockDebug|Any CPU.Build.0 = Debug|Any CPU
		{5C19FEAA-AA5D-4AE3-9DEE-E4D3CA3C9B7B}.StockDebug|Mixed Platforms.ActiveCfg = Debug|Any CPU
		{5C19FEAA-AA5D-4AE3-9DEE-E4D3CA3C9B7B}.StockDebug|Mixed Platforms.Build.0 = Debug|Any CPU
		{5C19FEAA-AA5D-4AE3-9DEE-E4D3CA3C9B7B}.StockDebug|Win32.ActiveCfg = Debug|Any CPU
		{5C19FEAA-AA5D-4AE3-9DEE-E4D3CA3C9B7B}.StockDebug|x86.ActiveCfg = Debug|Any CPU
		{5C19FEAA-AA5D-4AE3-9DEE-E4D3CA3C9B7B}.StockRelease|Any CPU.ActiveCfg = Release|Any CPU
		{5C19FEAA-AA5D-4AE3-9DEE-E4D3CA3C9B7B}.StockRelease|Any CPU.Build.0 = Release|Any CPU
		{5C19FEAA-AA5D-4AE3-9DEE-E4D3CA3C9B7B}.StockRelease|Mixed Platforms.ActiveCfg = Release|Any CPU
		{5C19FEAA-AA5D-4AE3-9DEE-E4D3CA3C9B7B}.StockRelease|Mixed Platforms.Build.0 = Release|Any CPU
		{5C19FEAA-AA5D-4AE3-9DEE-E4D3CA3C9B7B}.StockRelease|Win32.ActiveCfg = Release|Any CPU
		{5C19FEAA-AA5D-4AE3-9DEE-E4D3CA3C9B7B}.StockRelease|x86.ActiveCfg = Release|Any CPU
		{8F671CA7-DB77-4E10-A4E2-4B4D8984C802}.Debug|Any CPU.ActiveCfg = Debug|Any CPU
		{8F671CA7-DB77-4E10-A4E2-4B4D8984C802}.Debug|Any CPU.Build.0 = Debug|Any CPU
		{8F671CA7-DB77-4E10-A4E2-4B4D8984C802}.Debug|Mixed Platforms.ActiveCfg = Debug|Any CPU
		{8F671CA7-DB77-4E10-A4E2-4B4D8984C802}.Debug|Mixed Platforms.Build.0 = Debug|Any CPU
		{8F671CA7-DB77-4E10-A4E2-4B4D8984C802}.Debug|Win32.ActiveCfg = Debug|Any CPU
		{8F671CA7-DB77-4E10-A4E2-4B4D8984C802}.Debug|x86.ActiveCfg = Debug|Any CPU
		{8F671CA7-DB77-4E10-A4E2-4B4D8984C802}.Release|Any CPU.ActiveCfg = Release|Any CPU
		{8F671CA7-DB77-4E10-A4E2-4B4D8984C802}.Release|Any CPU.Build.0 = Release|Any CPU
		{8F671CA7-DB77-4E10-A4E2-4B4D8984C802}.Release|Mixed Platforms.ActiveCfg = Release|Any CPU
		{8F671CA7-DB77-4E10-A4E2-4B4D8984C802}.Release|Mixed Platforms.Build.0 = Release|Any CPU
		{8F671CA7-DB77-4E10-A4E2-4B4D8984C802}.Release|Win32.ActiveCfg = Release|Any CPU
		{8F671CA7-DB77-4E10-A4E2-4B4D8984C802}.Release|x86.ActiveCfg = Release|Any CPU
		{8F671CA7-DB77-4E10-A4E2-4B4D8984C802}.StockDebug|Any CPU.ActiveCfg = Debug|Any CPU
		{8F671CA7-DB77-4E10-A4E2-4B4D8984C802}.StockDebug|Any CPU.Build.0 = Debug|Any CPU
		{8F671CA7-DB77-4E10-A4E2-4B4D8984C802}.StockDebug|Mixed Platforms.ActiveCfg = Debug|Any CPU
		{8F671CA7-DB77-4E10-A4E2-4B4D8984C802}.StockDebug|Mixed Platforms.Build.0 = Debug|Any CPU
		{8F671CA7-DB77-4E10-A4E2-4B4D8984C802}.StockDebug|Win32.ActiveCfg = Debug|Any CPU
		{8F671CA7-DB77-4E10-A4E2-4B4D8984C802}.StockDebug|x86.ActiveCfg = Debug|Any CPU
		{8F671CA7-DB77-4E10-A4E2-4B4D8984C802}.StockRelease|Any CPU.ActiveCfg = Release|Any CPU
		{8F671CA7-DB77-4E10-A4E2-4B4D8984C802}.StockRelease|Any CPU.Build.0 = Release|Any CPU
		{8F671CA7-DB77-4E10-A4E2-4B4D8984C802}.StockRelease|Mixed Platforms.ActiveCfg = Release|Any CPU
		{8F671CA7-DB77-4E10-A4E2-4B4D8984C802}.StockRelease|Mixed Platforms.Build.0 = Release|Any CPU
		{8F671CA7-DB77-4E10-A4E2-4B4D8984C802}.StockRelease|Win32.ActiveCfg = Release|Any CPU
		{8F671CA7-DB77-4E10-A4E2-4B4D8984C802}.StockRelease|x86.ActiveCfg = Release|Any CPU
		{C4B2F026-3052-41C2-B81D-2943B22A0034}.Debug|Any CPU.ActiveCfg = Debug|x86
		{C4B2F026-3052-41C2-B81D-2943B22A0034}.Debug|Mixed Platforms.ActiveCfg = Debug|x86
		{C4B2F026-3052-41C2-B81D-2943B22A0034}.Debug|Mixed Platforms.Build.0 = Debug|x86
		{C4B2F026-3052-41C2-B81D-2943B22A0034}.Debug|Win32.ActiveCfg = Debug|x86
		{C4B2F026-3052-41C2-B81D-2943B22A0034}.Debug|x86.ActiveCfg = Debug|x86
		{C4B2F026-3052-41C2-B81D-2943B22A0034}.Debug|x86.Build.0 = Debug|x86
		{C4B2F026-3052-41C2-B81D-2943B22A0034}.Release|Any CPU.ActiveCfg = Release|x86
		{C4B2F026-3052-41C2-B81D-2943B22A0034}.Release|Mixed Platforms.ActiveCfg = Release|x86
		{C4B2F026-3052-41C2-B81D-2943B22A0034}.Release|Mixed Platforms.Build.0 = Release|x86
		{C4B2F026-3052-41C2-B81D-2943B22A0034}.Release|Win32.ActiveCfg = Release|x86
		{C4B2F026-3052-41C2-B81D-2943B22A0034}.Release|x86.ActiveCfg = Release|x86
		{C4B2F026-3052-41C2-B81D-2943B22A0034}.Release|x86.Build.0 = Release|x86
		{C4B2F026-3052-41C2-B81D-2943B22A0034}.StockDebug|Any CPU.ActiveCfg = Debug|x86
		{C4B2F026-3052-41C2-B81D-2943B22A0034}.StockDebug|Mixed Platforms.ActiveCfg = Debug|x86
		{C4B2F026-3052-41C2-B81D-2943B22A0034}.StockDebug|Mixed Platforms.Build.0 = Debug|x86
		{C4B2F026-3052-41C2-B81D-2943B22A0034}.StockDebug|Win32.ActiveCfg = Debug|x86
		{C4B2F026-3052-41C2-B81D-2943B22A0034}.StockDebug|x86.ActiveCfg = Debug|x86
		{C4B2F026-3052-41C2-B81D-2943B22A0034}.StockDebug|x86.Build.0 = Debug|x86
		{C4B2F026-3052-41C2-B81D-2943B22A0034}.StockRelease|Any CPU.ActiveCfg = Release|x86
		{C4B2F026-3052-41C2-B81D-2943B22A0034}.StockRelease|Mixed Platforms.ActiveCfg = Release|x86
		{C4B2F026-3052-41C2-B81D-2943B22A0034}.StockRelease|Mixed Platforms.Build.0 = Release|x86
		{C4B2F026-3052-41C2-B81D-2943B22A0034}.StockRelease|Win32.ActiveCfg = Release|x86
		{C4B2F026-3052-41C2-B81D-2943B22A0034}.StockRelease|x86.ActiveCfg = Release|x86
		{C4B2F026-3052-41C2-B81D-2943B22A0034}.StockRelease|x86.Build.0 = Release|x86
		{B5B09E19-1E43-4FC9-B6C7-3DFF8A472716}.Debug|Any CPU.ActiveCfg = Debug|Any CPU
		{B5B09E19-1E43-4FC9-B6C7-3DFF8A472716}.Debug|Any CPU.Build.0 = Debug|Any CPU
		{B5B09E19-1E43-4FC9-B6C7-3DFF8A472716}.Debug|Mixed Platforms.ActiveCfg = Debug|Any CPU
		{B5B09E19-1E43-4FC9-B6C7-3DFF8A472716}.Debug|Mixed Platforms.Build.0 = Debug|Any CPU
		{B5B09E19-1E43-4FC9-B6C7-3DFF8A472716}.Debug|Win32.ActiveCfg = Debug|Any CPU
		{B5B09E19-1E43-4FC9-B6C7-3DFF8A472716}.Debug|x86.ActiveCfg = Debug|Any CPU
		{B5B09E19-1E43-4FC9-B6C7-3DFF8A472716}.Release|Any CPU.ActiveCfg = Release|Any CPU
		{B5B09E19-1E43-4FC9-B6C7-3DFF8A472716}.Release|Any CPU.Build.0 = Release|Any CPU
		{B5B09E19-1E43-4FC9-B6C7-3DFF8A472716}.Release|Mixed Platforms.ActiveCfg = Release|Any CPU
		{B5B09E19-1E43-4FC9-B6C7-3DFF8A472716}.Release|Mixed Platforms.Build.0 = Release|Any CPU
		{B5B09E19-1E43-4FC9-B6C7-3DFF8A472716}.Release|Win32.ActiveCfg = Release|Any CPU
		{B5B09E19-1E43-4FC9-B6C7-3DFF8A472716}.Release|x86.ActiveCfg = Release|Any CPU
		{B5B09E19-1E43-4FC9-B6C7-3DFF8A472716}.StockDebug|Any CPU.ActiveCfg = Debug|Any CPU
		{B5B09E19-1E43-4FC9-B6C7-3DFF8A472716}.StockDebug|Any CPU.Build.0 = Debug|Any CPU
		{B5B09E19-1E43-4FC9-B6C7-3DFF8A472716}.StockDebug|Mixed Platforms.ActiveCfg = Debug|Any CPU
		{B5B09E19-1E43-4FC9-B6C7-3DFF8A472716}.StockDebug|Mixed Platforms.Build.0 = Debug|Any CPU
		{B5B09E19-1E43-4FC9-B6C7-3DFF8A472716}.StockDebug|Win32.ActiveCfg = Debug|Any CPU
		{B5B09E19-1E43-4FC9-B6C7-3DFF8A472716}.StockDebug|x86.ActiveCfg = Debug|Any CPU
		{B5B09E19-1E43-4FC9-B6C7-3DFF8A472716}.StockRelease|Any CPU.ActiveCfg = Release|Any CPU
		{B5B09E19-1E43-4FC9-B6C7-3DFF8A472716}.StockRelease|Any CPU.Build.0 = Release|Any CPU
		{B5B09E19-1E43-4FC9-B6C7-3DFF8A472716}.StockRelease|Mixed Platforms.ActiveCfg = Release|Any CPU
		{B5B09E19-1E43-4FC9-B6C7-3DFF8A472716}.StockRelease|Mixed Platforms.Build.0 = Release|Any CPU
		{B5B09E19-1E43-4FC9-B6C7-3DFF8A472716}.StockRelease|Win32.ActiveCfg = Release|Any CPU
		{B5B09E19-1E43-4FC9-B6C7-3DFF8A472716}.StockRelease|x86.ActiveCfg = Release|Any CPU
	EndGlobalSection
	GlobalSection(SolutionProperties) = preSolution
		HideSolutionNode = FALSE
	EndGlobalSection
EndGlobal
